# Generated by pub
# See https://dart.dev/tools/pub/glossary#lockfile
packages:
  async:
    dependency: transitive
    description:
      name: async
      sha256: bfe67ef28df125b7dddcea62755991f807aa39a2492a23e1550161692950bbe0
      url: "https://pub.dev"
    source: hosted
    version: "2.10.0"
  black_hole_flutter:
    dependency: transitive
    description:
      name: black_hole_flutter
      sha256: b7d2608987f95ceb1d5c52bef9d12445ebca0763608638c89ba8e18405a22330
      url: "https://pub.dev"
    source: hosted
    version: "1.0.0"
  characters:
    dependency: transitive
    description:
      name: characters
      sha256: e6a326c8af69605aec75ed6c187d06b349707a27fbff8222ca9cc2cff167975c
      url: "https://pub.dev"
    source: hosted
    version: "1.2.1"
  clock:
    dependency: transitive
    description:
      name: clock
      sha256: cb6d7f03e1de671e34607e909a7213e31d7752be4fb66a86d29fe1eb14bfb5cf
      url: "https://pub.dev"
    source: hosted
    version: "1.1.1"
  collection:
    dependency: transitive
    description:
      name: collection
      sha256: cfc915e6923fe5ce6e153b0723c753045de46de1b4d63771530504004a45fae0
      url: "https://pub.dev"
    source: hosted
    version: "1.17.0"
  crypto:
    dependency: transitive
    description:
      name: crypto
      sha256: aa274aa7774f8964e4f4f38cc994db7b6158dd36e9187aaceaddc994b35c6c67
      url: "https://pub.dev"
    source: hosted
    version: "3.0.2"
  dart_date:
    dependency: transitive
    description:
      name: dart_date
      sha256: a91d4a6140872078008785a208a0d909df31479ba53811a48e632f17fc5bfa4d
      url: "https://pub.dev"
    source: hosted
    version: "1.1.1"
  dartx:
    dependency: transitive
    description:
      name: dartx
      sha256: "45d7176701f16c5a5e00a4798791c1964bc231491b879369c818dd9a9c764871"
      url: "https://pub.dev"
    source: hosted
    version: "1.1.0"
  data_size:
    dependency: transitive
    description:
      name: data_size
      sha256: "313435e60499954b432aff4d680e29271c56a415f549d874978791d25f5a436a"
      url: "https://pub.dev"
    source: hosted
    version: "0.2.0"
  debug_overlay:
    dependency: "direct main"
    description:
      name: debug_overlay
      sha256: a0caff766678c7af5f625b48bbc750ada068b88680934ea678eb1a608dd145b2
      url: "https://pub.dev"
    source: hosted
    version: "0.2.6"
  device_info_plus:
    dependency: transitive
    description:
      name: device_info_plus
      sha256: "7ff671ed0a6356fa8f2e1ae7d3558d3fb7b6a41e24455e4f8df75b811fb8e4ab"
      url: "https://pub.dev"
    source: hosted
    version: "8.0.0"
  device_info_plus_platform_interface:
    dependency: transitive
    description:
      name: device_info_plus_platform_interface
      sha256: d3b01d5868b50ae571cd1dc6e502fc94d956b665756180f7b16ead09e836fd64
      url: "https://pub.dev"
    source: hosted
    version: "7.0.0"
  ffi:
    dependency: transitive
    description:
      name: ffi
      sha256: a38574032c5f1dd06c4aee541789906c12ccaab8ba01446e800d9c5b79c4a978
      url: "https://pub.dev"
    source: hosted
    version: "2.0.1"
  file:
    dependency: transitive
    description:
      name: file
      sha256: "1b92bec4fc2a72f59a8e15af5f52cd441e4a7860b49499d69dfa817af20e925d"
      url: "https://pub.dev"
    source: hosted
    version: "6.1.4"
  flutter:
    dependency: "direct main"
    description: flutter
    source: sdk
    version: "0.0.0"
  flutter_layout_grid:
    dependency: transitive
    description:
      name: flutter_layout_grid
      sha256: "1df27a2e9cd34faa0c0a33148c8bb9d9259e87cc5b934c989a59a77e1a4c0d6b"
      url: "https://pub.dev"
    source: hosted
    version: "2.0.1"
  flutter_lints:
    dependency: "direct dev"
    description:
      name: flutter_lints
      sha256: aeb0b80a8b3709709c9cc496cdc027c5b3216796bc0af0ce1007eaf24464fd4c
      url: "https://pub.dev"
    source: hosted
    version: "2.0.1"
  flutter_localizations:
    dependency: "direct main"
    description: flutter
    source: sdk
    version: "0.0.0"
  flutter_web_plugins:
    dependency: transitive
    description: flutter
    source: sdk
    version: "0.0.0"
  http:
    dependency: transitive
    description:
      name: http
      sha256: "6aa2946395183537c8b880962d935877325d6a09a2867c3970c05c0fed6ac482"
      url: "https://pub.dev"
    source: hosted
    version: "0.13.5"
  http_parser:
    dependency: transitive
    description:
      name: http_parser
      sha256: "2aa08ce0341cc9b354a498388e30986515406668dbcc4f7c950c3e715496693b"
      url: "https://pub.dev"
    source: hosted
    version: "4.0.2"
  implicitly_animated_list:
    dependency: transitive
    description:
      name: implicitly_animated_list
      sha256: "6f6761eac00998d9d508f49c9ebfa25f754f395b2dce7a0280ffd41852f2ed2a"
      url: "https://pub.dev"
    source: hosted
    version: "2.1.1"
  intl:
    dependency: transitive
    description:
      name: intl
      sha256: "910f85bce16fb5c6f614e117efa303e85a1731bb0081edf3604a2ae6e9a3cc91"
      url: "https://pub.dev"
    source: hosted
    version: "0.17.0"
  js:
    dependency: transitive
    description:
      name: js
      sha256: "5528c2f391ededb7775ec1daa69e65a2d61276f7552de2b5f7b8d34ee9fd4ab7"
      url: "https://pub.dev"
    source: hosted
    version: "0.6.5"
  lints:
    dependency: transitive
    description:
      name: lints
      sha256: "5e4a9cd06d447758280a8ac2405101e0e2094d2a1dbdd3756aec3fe7775ba593"
      url: "https://pub.dev"
    source: hosted
    version: "2.0.1"
  list_diff:
    dependency: transitive
    description:
      name: list_diff
      sha256: ac2d99c4379d5175f1e4943850808e1bf4d5604fd46c1ec3060e7fb0c0fdab05
      url: "https://pub.dev"
    source: hosted
    version: "2.0.1"
  matcher:
    dependency: transitive
    description:
      name: matcher
      sha256: c94db23593b89766cda57aab9ac311e3616cf87c6fa4e9749df032f66f30dcb8
      url: "https://pub.dev"
    source: hosted
    version: "0.12.14"
  material_color_utilities:
    dependency: transitive
    description:
      name: material_color_utilities
      sha256: d92141dc6fe1dad30722f9aa826c7fbc896d021d792f80678280601aff8cf724
      url: "https://pub.dev"
    source: hosted
    version: "0.2.0"
  meta:
    dependency: transitive
    description:
      name: meta
      sha256: "6c268b42ed578a53088d834796959e4a1814b5e9e164f147f580a386e5decf42"
      url: "https://pub.dev"
    source: hosted
    version: "1.8.0"
  package_info_plus:
    dependency: transitive
    description:
      name: package_info_plus
      sha256: f619162573096d428ccde2e33f92e05b5a179cd6f0e3120c1005f181bee8ed16
      url: "https://pub.dev"
    source: hosted
    version: "3.0.2"
  package_info_plus_platform_interface:
    dependency: transitive
    description:
      name: package_info_plus_platform_interface
      sha256: "9bc8ba46813a4cc42c66ab781470711781940780fd8beddd0c3da62506d3a6c6"
      url: "https://pub.dev"
    source: hosted
    version: "2.0.1"
  path:
    dependency: transitive
    description:
      name: path
      sha256: db9d4f58c908a4ba5953fcee2ae317c94889433e5024c27ce74a37f94267945b
      url: "https://pub.dev"
    source: hosted
    version: "1.8.2"
  plugin_platform_interface:
    dependency: transitive
    description:
      name: plugin_platform_interface
      sha256: dbf0f707c78beedc9200146ad3cb0ab4d5da13c246336987be6940f026500d3a
      url: "https://pub.dev"
    source: hosted
    version: "2.1.3"
  quiver:
    dependency: transitive
    description:
      name: quiver
      sha256: b1c1ac5ce6688d77f65f3375a9abb9319b3cb32486bdc7a1e0fdf004d7ba4e47
      url: "https://pub.dev"
    source: hosted
    version: "3.2.1"
  sensors_plus:
    dependency: transitive
    description:
      name: sensors_plus
      sha256: "362c8f4f001838b90dd5206b898bbad941bc0142479eab9a3415f0f79e622908"
      url: "https://pub.dev"
    source: hosted
    version: "1.4.1"
  sensors_plus_platform_interface:
    dependency: transitive
    description:
      name: sensors_plus_platform_interface
      sha256: "95f0cc08791b8bf0c41c5fa99c84be2a7d5bf60a811ddc17e1438b1e68caf0d3"
      url: "https://pub.dev"
    source: hosted
    version: "1.1.3"
  sensors_plus_web:
    dependency: transitive
    description:
      name: sensors_plus_web
      sha256: fca8d7d9ab6233b2a059952666415508e252420be1ef54f092d07884da53ec5e
      url: "https://pub.dev"
    source: hosted
    version: "1.1.2"
  shake:
    dependency: transitive
    description:
      name: shake
      sha256: "107546951c6b8f5e4c2dca66dfb3aa27dd1a853b4e9a26c9aea224b167045023"
      url: "https://pub.dev"
    source: hosted
    version: "2.2.0"
  sky_engine:
    dependency: transitive
    description: flutter
    source: sdk
    version: "0.0.99"
  source_span:
    dependency: transitive
    description:
      name: source_span
      sha256: dd904f795d4b4f3b870833847c461801f6750a9fa8e61ea5ac53f9422b31f250
      url: "https://pub.dev"
    source: hosted
    version: "1.9.1"
  stack_trace:
    dependency: transitive
    description:
      name: stack_trace
      sha256: c3c7d8edb15bee7f0f74debd4b9c5f3c2ea86766fe4178eb2a18eb30a0bdaed5
      url: "https://pub.dev"
    source: hosted
    version: "1.11.0"
  string_scanner:
    dependency: transitive
    description:
      name: string_scanner
      sha256: "556692adab6cfa87322a115640c11f13cb77b3f076ddcc5d6ae3c20242bedcde"
      url: "https://pub.dev"
    source: hosted
    version: "1.2.0"
  term_glyph:
    dependency: transitive
    description:
      name: term_glyph
      sha256: a29248a84fbb7c79282b40b8c72a1209db169a2e0542bce341da992fe1bc7e84
      url: "https://pub.dev"
    source: hosted
    version: "1.2.1"
  time:
    dependency: transitive
    description:
      name: time
      sha256: "83427e11d9072e038364a5e4da559e85869b227cf699a541be0da74f14140124"
      url: "https://pub.dev"
    source: hosted
    version: "2.1.3"
  timeago:
    dependency: transitive
    description:
      name: timeago
      sha256: "46c128312ab0ea144b146c0ac6426ddd96810efec2de3fccc425d00179cd8254"
      url: "https://pub.dev"
    source: hosted
    version: "3.3.0"
  timetable:
    dependency: "direct main"
    description:
      path: ".."
      relative: true
    source: path
    version: "1.0.0-alpha.11"
  tuple:
    dependency: transitive
    description:
      name: tuple
      sha256: "0ea99cd2f9352b2586583ab2ce6489d1f95a5f6de6fb9492faaf97ae2060f0aa"
      url: "https://pub.dev"
    source: hosted
    version: "2.0.1"
  typed_data:
    dependency: transitive
    description:
      name: typed_data
      sha256: "26f87ade979c47a150c9eaab93ccd2bebe70a27dc0b4b29517f2904f04eb11a5"
      url: "https://pub.dev"
    source: hosted
    version: "1.3.1"
  vector_math:
    dependency: transitive
    description:
      name: vector_math
      sha256: "80b3257d1492ce4d091729e3a67a60407d227c27241d6927be0130c98e741803"
      url: "https://pub.dev"
    source: hosted
    version: "2.1.4"
  win32:
    dependency: transitive
    description:
      name: win32
      sha256: c9ebe7ee4ab0c2194e65d3a07d8c54c5d00bb001b76081c4a04cdb8448b59e46
      url: "https://pub.dev"
    source: hosted
    version: "3.1.3"
sdks:
  dart: ">=2.18.0 <4.0.0"
  flutter: ">=3.3.0"
