# Generated by pub
# See https://dart.dev/tools/pub/glossary#lockfile
packages:
  ansi_styles:
    dependency: transitive
    description:
      name: ansi_styles
      sha256: "9c656cc12b3c27b17dd982b2cc5c0cfdfbdabd7bc8f3ae5e8542d9867b47ce8a"
      url: "https://pub.dev"
    source: hosted
    version: "0.3.2+1"
  async:
    dependency: transitive
    description:
      name: async
      sha256: e2eb0491ba5ddb6177742d2da23904574082139b07c1e33b8503b9f46f3e1a37
      url: "https://pub.dev"
    source: hosted
    version: "2.13.1"
  black_hole_flutter:
    dependency: "direct main"
    description:
      name: black_hole_flutter
      sha256: "91ca95379296fdedd11ac8c320c270ee05c28dd72ad9c70810c618a603e094dc"
      url: "https://pub.dev"
    source: hosted
    version: "1.2.0"
  boolean_selector:
    dependency: transitive
    description:
      name: boolean_selector
      sha256: "8aab1771e1243a5063b8b0ff68042d67334e3feab9e95b9490f9a6ebf73b42ea"
      url: "https://pub.dev"
    source: hosted
    version: "2.1.2"
  built_collection:
    dependency: transitive
    description:
      name: built_collection
      sha256: "376e3dd27b51ea877c28d525560790aee2e6fbb5f20e2f85d5081027d94e2100"
      url: "https://pub.dev"
    source: hosted
    version: "5.1.1"
  characters:
    dependency: transitive
    description:
      name: characters
      sha256: faf38497bda5ead2a8c7615f4f7939df04333478bf32e4173fcb06d428b5716b
      url: "https://pub.dev"
    source: hosted
    version: "1.4.1"
  chrono:
    dependency: transitive
    description:
      name: chrono
      sha256: "035a33ef2970d3aab3060626f7193a8a7922aae44b8b12bb0bcd1296e6063fac"
      url: "https://pub.dev"
    source: hosted
    version: "0.0.1"
  clock:
    dependency: transitive
    description:
      name: clock
      sha256: e51d50bca3217c9a9fa2b41a30e4a38971133f5f9ec7a3d57bae095007f1d28e
      url: "https://pub.dev"
    source: hosted
    version: "1.1.3"
  collection:
    dependency: "direct main"
    description:
      name: collection
      sha256: "2f5709ae4d3d59dd8f7cd309b4e023046b57d8a6c82130785d2b0e5868084e76"
      url: "https://pub.dev"
    source: hosted
    version: "1.19.1"
  color:
    dependency: transitive
    description:
      name: color
      sha256: ddcdf1b3badd7008233f5acffaf20ca9f5dc2cd0172b75f68f24526a5f5725cb
      url: "https://pub.dev"
    source: hosted
    version: "3.0.0"
  crypto:
    dependency: transitive
    description:
      name: crypto
      sha256: c8ea0233063ba03258fbcf2ca4d6dadfefe14f02fab57702265467a19f27fadf
      url: "https://pub.dev"
    source: hosted
    version: "3.0.7"
  cupertino_ui:
    dependency: transitive
    description:
      name: cupertino_ui
      sha256: e9dfe7fac704028f8928cbe4028a0be5e8a709498e8daf8247de99e99a32aef3
      url: "https://pub.dev"
    source: hosted
    version: "1.0.2"
  dart_date:
    dependency: transitive
    description:
      name: dart_date
      sha256: "629ba0a6e10ac48f57104c17a49228ba185253e4ab9f752c32fafc5e06281678"
      url: "https://pub.dev"
    source: hosted
    version: "1.5.3"
  dart_either:
    dependency: transitive
    description:
      name: dart_either
      sha256: f1222201d076780ef6ce29abe5b1d0d8a98ebc865049f8f3c08dafffa47192dc
      url: "https://pub.dev"
    source: hosted
    version: "2.4.0"
  dartx:
    dependency: transitive
    description:
      name: dartx
      sha256: "8b25435617027257d43e6508b5fe061012880ddfdaa75a71d607c3de2a13d244"
      url: "https://pub.dev"
    source: hosted
    version: "1.2.0"
  data_size:
    dependency: transitive
    description:
      name: data_size
      sha256: "313435e60499954b432aff4d680e29271c56a415f549d874978791d25f5a436a"
      url: "https://pub.dev"
    source: hosted
    version: "0.2.0"
  debug_overlay:
    dependency: "direct main"
    description:
      name: debug_overlay
      sha256: b74afffe35ffb156c5b92d378dc891124148ca6f15730d3a4cc8357a34cda5e5
      url: "https://pub.dev"
    source: hosted
    version: "1.0.0"
  device_info_plus:
    dependency: transitive
    description:
      name: device_info_plus
      sha256: "98f28b42168cc509abc92f88518882fd58061ea372d7999aecc424345c7bff6a"
      url: "https://pub.dev"
    source: hosted
    version: "11.5.0"
  device_info_plus_platform_interface:
    dependency: transitive
    description:
      name: device_info_plus_platform_interface
      sha256: e1ea89119e34903dca74b883d0dd78eb762814f97fb6c76f35e9ff74d261a18f
      url: "https://pub.dev"
    source: hosted
    version: "7.0.3"
  email_validator:
    dependency: transitive
    description:
      name: email_validator
      sha256: b19aa5d92fdd76fbc65112060c94d45ba855105a28bb6e462de7ff03b12fa1fb
      url: "https://pub.dev"
    source: hosted
    version: "3.0.0"
  equatable:
    dependency: transitive
    description:
      name: equatable
      sha256: "3bce007a596ff8b3119c45d68aaef631272537c03d30e5d4534dd24bf4c5eaa2"
      url: "https://pub.dev"
    source: hosted
    version: "2.1.0"
  ffi:
    dependency: transitive
    description:
      name: ffi
      sha256: "6d7fd89431262d8f3125e81b50d3847a091d846eafcd4fdb88dd06f36d705a45"
      url: "https://pub.dev"
    source: hosted
    version: "2.2.0"
  file:
    dependency: transitive
    description:
      name: file
      sha256: a3b4f84adafef897088c160faf7dfffb7696046cb13ae90b508c2cbc95d3b8d4
      url: "https://pub.dev"
    source: hosted
    version: "7.0.1"
  flutter:
    dependency: "direct main"
    description: flutter
    source: sdk
    version: "0.0.0"
  flutter_layout_grid:
    dependency: transitive
    description:
      name: flutter_layout_grid
      sha256: "739e568db97af031d528dfd8a80d333df0e5a310a126e087690fa42cd61dfb5f"
      url: "https://pub.dev"
    source: hosted
    version: "2.0.8"
  flutter_localizations:
    dependency: "direct main"
    description: flutter
    source: sdk
    version: "0.0.0"
  flutter_web_plugins:
    dependency: transitive
    description: flutter
    source: sdk
    version: "0.0.0"
  freezed_annotation:
    dependency: transitive
    description:
      name: freezed_annotation
      sha256: "7294967ff0a6d98638e7acb774aac3af2550777accd8149c90af5b014e6d44d8"
      url: "https://pub.dev"
    source: hosted
    version: "3.1.0"
  get_it:
    dependency: transitive
    description:
      name: get_it
      sha256: "568d62f0e68666fb5d95519743b3c24a34c7f19d834b0658c46e26d778461f66"
      url: "https://pub.dev"
    source: hosted
    version: "9.2.1"
  http:
    dependency: transitive
    description:
      name: http
      sha256: "87721a4a50b19c7f1d49001e51409bddc46303966ce89a65af4f4e6004896412"
      url: "https://pub.dev"
    source: hosted
    version: "1.6.0"
  http_parser:
    dependency: transitive
    description:
      name: http_parser
      sha256: "178d74305e7866013777bab2c3d8726205dc5a4dd935297175b19a23a2e66571"
      url: "https://pub.dev"
    source: hosted
    version: "4.1.2"
  implicitly_animated_list:
    dependency: transitive
    description:
      name: implicitly_animated_list
      sha256: "0912337ba058609ad8b4db8c1886959a4f82e03ee197ecdacbd8bf906bf1e195"
      url: "https://pub.dev"
    source: hosted
    version: "2.3.0"
  intl:
    dependency: transitive
    description:
      name: intl
      sha256: "1ca20c894b1717686a2319b8548763d812bc0aabdac580420a44c5178c57a867"
      url: "https://pub.dev"
    source: hosted
    version: "0.20.3"
  json_annotation:
    dependency: transitive
    description:
      name: json_annotation
      sha256: "2a743920d81b7910627f68ee2c9ac1fc0bfee32b9fc3403587d7c6791ca12f80"
      url: "https://pub.dev"
    source: hosted
    version: "4.12.0"
  json_view:
    dependency: transitive
    description:
      name: json_view
      sha256: "905c69f9e69d1eab5406b87ab6c10c3706c04c70c6a4959621bd2b43c2d27374"
      url: "https://pub.dev"
    source: hosted
    version: "0.4.2"
  list_diff:
    dependency: transitive
    description:
      name: list_diff
      sha256: ac2d99c4379d5175f1e4943850808e1bf4d5604fd46c1ec3060e7fb0c0fdab05
      url: "https://pub.dev"
    source: hosted
    version: "2.0.1"
  logging:
    dependency: transitive
    description:
      name: logging
      sha256: c8245ada5f1717ed44271ed1c26b8ce85ca3228fd2ffdb75468ab01979309d61
      url: "https://pub.dev"
    source: hosted
    version: "1.3.0"
  matcher:
    dependency: transitive
    description:
      name: matcher
      sha256: "31bd099b47c10cd1aeb55146a2d46ce0277630ecef3f7dae54ad7873f36696cd"
      url: "https://pub.dev"
    source: hosted
    version: "0.12.20"
  material_color_utilities:
    dependency: transitive
    description:
      name: material_color_utilities
      sha256: "9c337007e82b1889149c82ed242ed1cb24a66044e30979c44912381e9be4c48b"
      url: "https://pub.dev"
    source: hosted
    version: "0.13.0"
  material_ui:
    dependency: transitive
    description:
      name: material_ui
      sha256: "9c0156b0cf8b3f56d365c8ffe051a720be3cae9eec55119f01e01b986ffb7101"
      url: "https://pub.dev"
    source: hosted
    version: "1.1.1"
  meta:
    dependency: transitive
    description:
      name: meta
      sha256: "307249ce4ff29d58a18e97f6345f539382eb9c9c29ecda628900f31de0443dd9"
      url: "https://pub.dev"
    source: hosted
    version: "1.19.0"
  oxidized:
    dependency: transitive
    description:
      name: oxidized
      sha256: "5e8b0289f40b14da91159eae30d82c8603bcfaa86c3e15b5aa8f1904a08e3a7b"
      url: "https://pub.dev"
    source: hosted
    version: "6.2.0"
  package_info_plus:
    dependency: transitive
    description:
      name: package_info_plus
      sha256: "16eee997588c60225bda0488b6dcfac69280a6b7a3cf02c741895dd370a02968"
      url: "https://pub.dev"
    source: hosted
    version: "8.3.1"
  package_info_plus_platform_interface:
    dependency: transitive
    description:
      name: package_info_plus_platform_interface
      sha256: "202a487f08836a592a6bd4f901ac69b3a8f146af552bbd14407b6b41e1c3f086"
      url: "https://pub.dev"
    source: hosted
    version: "3.2.1"
  path:
    dependency: transitive
    description:
      name: path
      sha256: "75cca69d1490965be98c73ceaea117e8a04dd21217b37b292c9ddbec0d955bc5"
      url: "https://pub.dev"
    source: hosted
    version: "1.9.1"
  plugin_platform_interface:
    dependency: transitive
    description:
      name: plugin_platform_interface
      sha256: "4820fbfdb9478b1ebae27888254d445073732dae3d6ea81f0b7e06d5dedc3f02"
      url: "https://pub.dev"
    source: hosted
    version: "2.1.8"
  quiver:
    dependency: transitive
    description:
      name: quiver
      sha256: ea0b925899e64ecdfbf9c7becb60d5b50e706ade44a85b2363be2a22d88117d2
      url: "https://pub.dev"
    source: hosted
    version: "3.2.2"
  rxdart:
    dependency: transitive
    description:
      name: rxdart
      sha256: "5c3004a4a8dbb94bd4bf5412a4def4acdaa12e12f269737a5751369e12d1a962"
      url: "https://pub.dev"
    source: hosted
    version: "0.28.0"
  rxdart_ext:
    dependency: transitive
    description:
      path: "."
      ref: ed5ad736ac0b531348cebef9c1bf5a3130045e89
      resolved-ref: ed5ad736ac0b531348cebef9c1bf5a3130045e89
      url: "https://github.com/hoc081098/rxdart_ext.git"
    source: git
    version: "0.4.0"
  sensors_plus:
    dependency: transitive
    description:
      name: sensors_plus
      sha256: "8e7fa79b4940442bb595bfc0ee9da4af5a22a0fe6ebacc74998245ee9496a82d"
      url: "https://pub.dev"
    source: hosted
    version: "4.0.2"
  sensors_plus_platform_interface:
    dependency: transitive
    description:
      name: sensors_plus_platform_interface
      sha256: bc472d6cfd622acb4f020e726433ee31788b038056691ba433fec80e448a094f
      url: "https://pub.dev"
    source: hosted
    version: "1.2.0"
  shake_detector:
    dependency: transitive
    description:
      name: shake_detector
      sha256: "9fb3233f2947ae669cf8661fe33a808cd33ca4dc1ece8dbdfc5a0e2c08a1302e"
      url: "https://pub.dev"
    source: hosted
    version: "0.1.2"
  sky_engine:
    dependency: transitive
    description: flutter
    source: sdk
    version: "0.0.0"
  sliver_tools:
    dependency: transitive
    description:
      name: sliver_tools
      sha256: eae28220badfb9d0559207badcbbc9ad5331aac829a88cb0964d330d2a4636a6
      url: "https://pub.dev"
    source: hosted
    version: "0.2.12"
  source_span:
    dependency: transitive
    description:
      name: source_span
      sha256: "56a02f1f4cd1a2d96303c0144c93bd6d909eea6bee6bf5a0e0b685edbd4c47ab"
      url: "https://pub.dev"
    source: hosted
    version: "1.10.2"
  stack_trace:
    dependency: transitive
    description:
      name: stack_trace
      sha256: "277654b3034d17ac6f9f1cb5595db011b1d5d41e8806866db28e0abaa101c490"
      url: "https://pub.dev"
    source: hosted
    version: "1.12.2"
  stream_channel:
    dependency: transitive
    description:
      name: stream_channel
      sha256: "969e04c80b8bcdf826f8f16579c7b14d780458bd97f56d107d3950fdbeef059d"
      url: "https://pub.dev"
    source: hosted
    version: "2.1.4"
  string_scanner:
    dependency: transitive
    description:
      name: string_scanner
      sha256: "921cd31725b72fe181906c6a94d987c78e3b98c2e205b397ea399d4054872b43"
      url: "https://pub.dev"
    source: hosted
    version: "1.4.1"
  supernova:
    dependency: "direct dev"
    description:
      path: supernova
      ref: "20b9a50f30efe39b17c9d20a6189027af4742526"
      resolved-ref: "20b9a50f30efe39b17c9d20a6189027af4742526"
      url: "https://github.com/JonasWanke/supernova.git"
    source: git
    version: "0.0.0"
  supernova_lints:
    dependency: transitive
    description:
      path: supernova_lints
      ref: "20b9a50f30efe39b17c9d20a6189027af4742526"
      resolved-ref: "20b9a50f30efe39b17c9d20a6189027af4742526"
      url: "https://github.com/JonasWanke/supernova.git"
    source: git
    version: "0.0.0"
  term_glyph:
    dependency: transitive
    description:
      name: term_glyph
      sha256: "7f554798625ea768a7518313e58f83891c7f5024f88e46e7182a4558850a4b8e"
      url: "https://pub.dev"
    source: hosted
    version: "1.2.2"
  test_api:
    dependency: transitive
    description:
      name: test_api
      sha256: "0a10344e901e5b2e63819567951cb6a06673ed6b84f40462188ff5a0c41f371f"
      url: "https://pub.dev"
    source: hosted
    version: "0.7.14"
  time:
    dependency: "direct main"
    description:
      name: time
      sha256: "46187cf30bffdab28c56be9a63861b36e4ab7347bf403297595d6a97e10c789f"
      url: "https://pub.dev"
    source: hosted
    version: "2.1.6"
  timeago:
    dependency: transitive
    description:
      name: timeago
      sha256: b05159406a97e1cbb2b9ee4faa9fb096fe0e2dfcd8b08fcd2a00553450d3422e
      url: "https://pub.dev"
    source: hosted
    version: "3.7.1"
  timetable:
    dependency: "direct main"
    description:
      path: ".."
      relative: true
    source: path
    version: "1.0.0-alpha.15"
  todo:
    dependency: transitive
    description:
      name: todo
      sha256: "1c092daccc5e42568109716001f91e7cdfdb744aa2f3950ae67e64978ea4d3dd"
      url: "https://pub.dev"
    source: hosted
    version: "2.0.1"
  typed_data:
    dependency: transitive
    description:
      name: typed_data
      sha256: f9049c039ebfeb4cf7a7104a675823cd72dba8297f264b6637062516699fa006
      url: "https://pub.dev"
    source: hosted
    version: "1.4.0"
  vector_math:
    dependency: transitive
    description:
      name: vector_math
      sha256: f36f9f3be64c6198714492bb455c11056e33e2f85d9a0b676a48301e44fdcf47
      url: "https://pub.dev"
    source: hosted
    version: "2.4.2"
  web:
    dependency: transitive
    description:
      name: web
      sha256: "868d88a33d8a87b18ffc05f9f030ba328ffefba92d6c127917a2ba740f9cfe4a"
      url: "https://pub.dev"
    source: hosted
    version: "1.1.1"
  win32:
    dependency: transitive
    description:
      name: win32
      sha256: d7cb55e04cd34096cd3a79b3330245f54cb96a370a1c27adb3c84b917de8b08e
      url: "https://pub.dev"
    source: hosted
    version: "5.15.0"
  win32_registry:
    dependency: transitive
    description:
      name: win32_registry
      sha256: "6f1b564492d0147b330dd794fee8f512cec4977957f310f9951b5f9d83618dae"
      url: "https://pub.dev"
    source: hosted
    version: "2.1.0"
sdks:
  dart: ">=3.12.0 <4.0.0"
  flutter: ">=3.44.0"
